
Microsoft Visual Studio Solution File, Format Version 12.00
# Visual Studio Version 17
VisualStudioVersion = 17.13.35828.75 d17.13
MinimumVisualStudioVersion = 10.0.40219.1
Project("{FAE04EC0-301F-11D3-BF4B-00C04F79EFBC}") = "skillsharehubAPI", "skillsharehubAPI\skillsharehubAPI.csproj", "{29E37CDD-0230-4C71-9651-B176D2964619}"
EndProject
Global
	GlobalSection(SolutionConfigurationPlatforms) = preSolution
		Debug|Any CPU = Debug|Any CPU
		Release|Any CPU = Release|Any CPU
	EndGlobalSection
	GlobalSection(ProjectConfigurationPlatforms) = postSolution
		{29E37CDD-0230-4C71-9651-B176D2964619}.Debug|Any CPU.ActiveCfg = Debug|Any CPU
		{29E37CDD-0230-4C71-9651-B176D2964619}.Debug|Any CPU.Build.0 = Debug|Any CPU
		{29E37CDD-0230-4C71-9651-B176D2964619}.Release|Any CPU.ActiveCfg = Release|Any CPU
		{29E37CDD-0230-4C71-9651-B176D2964619}.Release|Any CPU.Build.0 = Release|Any CPU
	EndGlobalSection
	GlobalSection(SolutionProperties) = preSolution
		HideSolutionNode = FALSE
	EndGlobalSection
	GlobalSection(ExtensibilityGlobals) = postSolution
		SolutionGuid = {D6398AAC-A9EF-4A64-9D01-849B0D74E9B2}
	EndGlobalSection
EndGlobal
